{
  "name": "HeroesInScala",
  "version": "1.0.0",
  "lockfileVersion": 1,
  "requires": true,
  "dependencies": {
    "milsymbol": {
      "version": "2.0.0",
      "resolved": "https://registry.npmjs.org/milsymbol/-/milsymbol-2.0.0.tgz",
      "integrity": "sha512-GcBFrcIUr8jScaZqZb0SI2W6AbnUrPCTHu2kqHxduQjN2DIN8q5pY6ksSWfnJ4HlcIAWQhyotbdPIr1bBxFbwQ=="
    },
    "vue": {
      "version": "2.6.11",
      "resolved": "https://registry.npmjs.org/vue/-/vue-2.6.11.tgz",
      "integrity": "sha512-VfPwgcGABbGAue9+sfrD4PuwFar7gPb1yl1UK1MwXoQPAw0BKSqWfoYCT/ThFrdEVWoI51dBuyCoiNU9bZDZxQ=="
    }
  }
}
